
Microsoft Visual Studio Solution File, Format Version 12.00
# Visual Studio Version 16
VisualStudioVersion = 16.0.30225.117
MinimumVisualStudioVersion = 10.0.40219.1
Project("{8BC9CEB8-8B4A-11D0-8D11-00A0C91BC942}") = "EntropyLib", "EntropyLib\EntropyLib.vcxproj", "{6C1C407B-2A8B-468B-8C8C-1D1E4F7CFD0A}"
EndProject
Project("{8BC9CEB8-8B4A-11D0-8D11-00A0C91BC942}") = "Sandbox", "Sandbox\Sandbox.vcxproj", "{9272894D-D13A-4B7A-92DB-129F1B7B0879}"
	ProjectSection(ProjectDependencies) = postProject
		{6C1C407B-2A8B-468B-8C8C-1D1E4F7CFD0A} = {6C1C407B-2A8B-468B-8C8C-1D1E4F7CFD0A}
	EndProjectSection
EndProject
Project("{8BC9CEB8-8B4A-11D0-8D11-00A0C91BC942}") = "EntropyTester", "EntropyTester\EntropyTester.vcxproj", "{D1BFC3EF-97A5-4D2D-ABC0-3CE146DB6997}"
	ProjectSection(ProjectDependencies) = postProject
		{6C1C407B-2A8B-468B-8C8C-1D1E4F7CFD0A} = {6C1C407B-2A8B-468B-8C8C-1D1E4F7CFD0A}
	EndProjectSection
EndProject
Project("{8BC9CEB8-8B4A-11D0-8D11-00A0C91BC942}") = "HelloTriangle", "HelloTriangle\HelloTriangle.vcxproj", "{BD2B7C37-F300-4236-A7EB-677C77B3C575}"
	ProjectSection(ProjectDependencies) = postProject
		{6C1C407B-2A8B-468B-8C8C-1D1E4F7CFD0A} = {6C1C407B-2A8B-468B-8C8C-1D1E4F7CFD0A}
	EndProjectSection
EndProject
Project("{8BC9CEB8-8B4A-11D0-8D11-00A0C91BC942}") = "NormalCalulator", "NormalCalulator\NormalCalulator.vcxproj", "{9BB44317-FC3B-47A7-97C3-921FC93C4742}"
	ProjectSection(ProjectDependencies) = postProject
		{6C1C407B-2A8B-468B-8C8C-1D1E4F7CFD0A} = {6C1C407B-2A8B-468B-8C8C-1D1E4F7CFD0A}
	EndProjectSection
EndProject
Project("{8BC9CEB8-8B4A-11D0-8D11-00A0C91BC942}") = "Breakout", "Breakout\Breakout.vcxproj", "{FC9CEBAA-F95E-4328-946E-A0516E1745D5}"
	ProjectSection(ProjectDependencies) = postProject
		{6C1C407B-2A8B-468B-8C8C-1D1E4F7CFD0A} = {6C1C407B-2A8B-468B-8C8C-1D1E4F7CFD0A}
	EndProjectSection
EndProject
Project("{8BC9CEB8-8B4A-11D0-8D11-00A0C91BC942}") = "Asteroids", "Asteroids\Asteroids.vcxproj", "{14552932-8A84-4877-A08A-697740F23564}"
	ProjectSection(ProjectDependencies) = postProject
		{6C1C407B-2A8B-468B-8C8C-1D1E4F7CFD0A} = {6C1C407B-2A8B-468B-8C8C-1D1E4F7CFD0A}
	EndProjectSection
EndProject
Global
	GlobalSection(SolutionConfigurationPlatforms) = preSolution
		Debug|x64 = Debug|x64
		Debug|x86 = Debug|x86
		Release|x64 = Release|x64
		Release|x86 = Release|x86
	EndGlobalSection
	GlobalSection(ProjectConfigurationPlatforms) = postSolution
		{6C1C407B-2A8B-468B-8C8C-1D1E4F7CFD0A}.Debug|x64.ActiveCfg = Debug|x64
		{6C1C407B-2A8B-468B-8C8C-1D1E4F7CFD0A}.Debug|x64.Build.0 = Debug|x64
		{6C1C407B-2A8B-468B-8C8C-1D1E4F7CFD0A}.Debug|x86.ActiveCfg = Debug|Win32
		{6C1C407B-2A8B-468B-8C8C-1D1E4F7CFD0A}.Debug|x86.Build.0 = Debug|Win32
		{6C1C407B-2A8B-468B-8C8C-1D1E4F7CFD0A}.Release|x64.ActiveCfg = Release|x64
		{6C1C407B-2A8B-468B-8C8C-1D1E4F7CFD0A}.Release|x64.Build.0 = Release|x64
		{6C1C407B-2A8B-468B-8C8C-1D1E4F7CFD0A}.Release|x86.ActiveCfg = Release|Win32
		{6C1C407B-2A8B-468B-8C8C-1D1E4F7CFD0A}.Release|x86.Build.0 = Release|Win32
		{9272894D-D13A-4B7A-92DB-129F1B7B0879}.Debug|x64.ActiveCfg = Debug|x64
		{9272894D-D13A-4B7A-92DB-129F1B7B0879}.Debug|x64.Build.0 = Debug|x64
		{9272894D-D13A-4B7A-92DB-129F1B7B0879}.Debug|x86.ActiveCfg = Debug|Win32
		{9272894D-D13A-4B7A-92DB-129F1B7B0879}.Debug|x86.Build.0 = Debug|Win32
		{9272894D-D13A-4B7A-92DB-129F1B7B0879}.Release|x64.ActiveCfg = Release|x64
		{9272894D-D13A-4B7A-92DB-129F1B7B0879}.Release|x86.ActiveCfg = Release|Win32
		{9272894D-D13A-4B7A-92DB-129F1B7B0879}.Release|x86.Build.0 = Release|Win32
		{D1BFC3EF-97A5-4D2D-ABC0-3CE146DB6997}.Debug|x64.ActiveCfg = Debug|x64
		{D1BFC3EF-97A5-4D2D-ABC0-3CE146DB6997}.Debug|x64.Build.0 = Debug|x64
		{D1BFC3EF-97A5-4D2D-ABC0-3CE146DB6997}.Debug|x86.ActiveCfg = Debug|Win32
		{D1BFC3EF-97A5-4D2D-ABC0-3CE146DB6997}.Debug|x86.Build.0 = Debug|Win32
		{D1BFC3EF-97A5-4D2D-ABC0-3CE146DB6997}.Release|x64.ActiveCfg = Release|x64
		{D1BFC3EF-97A5-4D2D-ABC0-3CE146DB6997}.Release|x86.ActiveCfg = Release|Win32
		{D1BFC3EF-97A5-4D2D-ABC0-3CE146DB6997}.Release|x86.Build.0 = Release|Win32
		{BD2B7C37-F300-4236-A7EB-677C77B3C575}.Debug|x64.ActiveCfg = Debug|x64
		{BD2B7C37-F300-4236-A7EB-677C77B3C575}.Debug|x64.Build.0 = Debug|x64
		{BD2B7C37-F300-4236-A7EB-677C77B3C575}.Debug|x86.ActiveCfg = Debug|Win32
		{BD2B7C37-F300-4236-A7EB-677C77B3C575}.Debug|x86.Build.0 = Debug|Win32
		{BD2B7C37-F300-4236-A7EB-677C77B3C575}.Release|x64.ActiveCfg = Release|x64
		{BD2B7C37-F300-4236-A7EB-677C77B3C575}.Release|x86.ActiveCfg = Release|Win32
		{BD2B7C37-F300-4236-A7EB-677C77B3C575}.Release|x86.Build.0 = Release|Win32
		{9BB44317-FC3B-47A7-97C3-921FC93C4742}.Debug|x64.ActiveCfg = Debug|x64
		{9BB44317-FC3B-47A7-97C3-921FC93C4742}.Debug|x64.Build.0 = Debug|x64
		{9BB44317-FC3B-47A7-97C3-921FC93C4742}.Debug|x86.ActiveCfg = Debug|Win32
		{9BB44317-FC3B-47A7-97C3-921FC93C4742}.Debug|x86.Build.0 = Debug|Win32
		{9BB44317-FC3B-47A7-97C3-921FC93C4742}.Release|x64.ActiveCfg = Release|x64
		{9BB44317-FC3B-47A7-97C3-921FC93C4742}.Release|x86.ActiveCfg = Release|Win32
		{9BB44317-FC3B-47A7-97C3-921FC93C4742}.Release|x86.Build.0 = Release|Win32
		{FC9CEBAA-F95E-4328-946E-A0516E1745D5}.Debug|x64.ActiveCfg = Debug|x64
		{FC9CEBAA-F95E-4328-946E-A0516E1745D5}.Debug|x64.Build.0 = Debug|x64
		{FC9CEBAA-F95E-4328-946E-A0516E1745D5}.Debug|x86.ActiveCfg = Debug|Win32
		{FC9CEBAA-F95E-4328-946E-A0516E1745D5}.Debug|x86.Build.0 = Debug|Win32
		{FC9CEBAA-F95E-4328-946E-A0516E1745D5}.Release|x64.ActiveCfg = Release|x64
		{FC9CEBAA-F95E-4328-946E-A0516E1745D5}.Release|x86.ActiveCfg = Release|Win32
		{FC9CEBAA-F95E-4328-946E-A0516E1745D5}.Release|x86.Build.0 = Release|Win32
		{14552932-8A84-4877-A08A-697740F23564}.Debug|x64.ActiveCfg = Debug|x64
		{14552932-8A84-4877-A08A-697740F23564}.Debug|x64.Build.0 = Debug|x64
		{14552932-8A84-4877-A08A-697740F23564}.Debug|x86.ActiveCfg = Debug|Win32
		{14552932-8A84-4877-A08A-697740F23564}.Debug|x86.Build.0 = Debug|Win32
		{14552932-8A84-4877-A08A-697740F23564}.Release|x64.ActiveCfg = Release|x64
		{14552932-8A84-4877-A08A-697740F23564}.Release|x64.Build.0 = Release|x64
		{14552932-8A84-4877-A08A-697740F23564}.Release|x86.ActiveCfg = Release|Win32
		{14552932-8A84-4877-A08A-697740F23564}.Release|x86.Build.0 = Release|Win32
	EndGlobalSection
	GlobalSection(SolutionProperties) = preSolution
		HideSolutionNode = FALSE
	EndGlobalSection
	GlobalSection(ExtensibilityGlobals) = postSolution
		SolutionGuid = {9AD81268-D6A4-4D21-985A-39F485C38DBA}
	EndGlobalSection
EndGlobal
