Microsoft Visual Studio Solution File, Format Version 7.00
Project("{8BC9CEB8-8B4A-11D0-8D11-00A0C91BC942}") = "QAxContainer", "G:/Middleware/Qt-4.8.7/src/activeqt/container\QAxContainer.vcproj", "{D7D0C2C8-AFE2-3723-8F5A-3076A3EBB3E9}"
EndProject
Project("{8BC9CEB8-8B4A-11D0-8D11-00A0C91BC942}") = "QAxServer", "G:/Middleware/Qt-4.8.7/src/activeqt/control\QAxServer.vcproj", "{1626D91F-F6C2-3713-B704-CFC489CC8E79}"
EndProject
Global
	GlobalSection(SolutionConfigurationPlatforms) = preSolution
		Debug|Win32 = Debug|Win32
		Release|Win32 = Release|Win32
	EndGlobalSection
	GlobalSection(ProjectDependencies) = postSolution
	EndGlobalSection
	GlobalSection(ProjectConfigurationPlatforms) = postSolution
		{D7D0C2C8-AFE2-3723-8F5A-3076A3EBB3E9}.Debug|Win32.ActiveCfg = Debug|Win32
		{D7D0C2C8-AFE2-3723-8F5A-3076A3EBB3E9}.Debug|Win32.Build.0 = Debug|Win32
		{D7D0C2C8-AFE2-3723-8F5A-3076A3EBB3E9}.Release|Win32.ActiveCfg = Release|Win32
		{D7D0C2C8-AFE2-3723-8F5A-3076A3EBB3E9}.Release|Win32.Build.0 = Release|Win32
		{1626D91F-F6C2-3713-B704-CFC489CC8E79}.Debug|Win32.ActiveCfg = Debug|Win32
		{1626D91F-F6C2-3713-B704-CFC489CC8E79}.Debug|Win32.Build.0 = Debug|Win32
		{1626D91F-F6C2-3713-B704-CFC489CC8E79}.Release|Win32.ActiveCfg = Release|Win32
		{1626D91F-F6C2-3713-B704-CFC489CC8E79}.Release|Win32.Build.0 = Release|Win32
	EndGlobalSection
	GlobalSection(ExtensibilityGlobals) = postSolution
	EndGlobalSection
	GlobalSection(ExtensibilityAddIns) = postSolution
	EndGlobalSection
EndGlobal