<?xml version="1.0" encoding="utf-8"?>
<Project ToolsVersion="4.0" xmlns="http://schemas.microsoft.com/developer/msbuild/2003">
  <ItemGroup>
    <Filter Include="Source Files">
      <UniqueIdentifier>{4FC737F1-C7A5-4376-A066-2A32D752A2FF}</UniqueIdentifier>
      <Extensions>cpp;c;cc;cxx;c++;def;odl;idl;hpj;bat;asm;asmx</Extensions>
    </Filter>
    <Filter Include="Header Files">
      <UniqueIdentifier>{93995380-89BD-4b04-88EB-625FBE52EBFB}</UniqueIdentifier>
      <Extensions>h;hh;hpp;hxx;h++;hm;inl;inc;ipp;xsd</Extensions>
    </Filter>
    <Filter Include="Resource Files">
      <UniqueIdentifier>{67DA6AB6-F800-4c08-8B7A-83BB121AAD01}</UniqueIdentifier>
      <Extensions>rc;ico;cur;bmp;dlg;rc2;rct;bin;rgs;gif;jpg;jpeg;jpe;resx;tiff;tif;png;wav;mfcribbon-ms</Extensions>
    </Filter>
    <Filter Include="Header Files\Graphics">
      <UniqueIdentifier>{c86f608e-590b-4d7b-bc9d-a5be13191285}</UniqueIdentifier>
    </Filter>
    <Filter Include="Source Files\Graphics">
      <UniqueIdentifier>{537fb5cd-7fc7-491e-9a08-3dbb003c2719}</UniqueIdentifier>
    </Filter>
    <Filter Include="Header Files\Math">
      <UniqueIdentifier>{d4a07573-044b-4cc3-9b50-bdbfedb1c8c7}</UniqueIdentifier>
    </Filter>
    <Filter Include="Source Files\Math">
      <UniqueIdentifier>{7997e5b9-0175-476b-a0f5-9d8a01ea0fcb}</UniqueIdentifier>
    </Filter>
    <Filter Include="Source Files\Timing">
      <UniqueIdentifier>{08262339-9265-4016-9fe9-f443dc3fae18}</UniqueIdentifier>
    </Filter>
    <Filter Include="Header Files\Timing">
      <UniqueIdentifier>{2def33e6-03c2-4177-bd61-145584dae27d}</UniqueIdentifier>
    </Filter>
    <Filter Include="Source Files\DebugTools">
      <UniqueIdentifier>{a29a5a02-770b-4f1d-a2fd-be7f84107bc6}</UniqueIdentifier>
    </Filter>
    <Filter Include="Header Files\DebugTools">
      <UniqueIdentifier>{be373db2-7ee4-40a2-bc53-95f4302eca81}</UniqueIdentifier>
    </Filter>
    <Filter Include="Header Files\DebugTools\Profiling">
      <UniqueIdentifier>{86d8b97b-e402-4ab1-a69d-da7d4a8da21c}</UniqueIdentifier>
    </Filter>
    <Filter Include="Source Files\DebugTools\Profiling">
      <UniqueIdentifier>{e9c9af0b-0ce3-4680-97c8-b800213f4777}</UniqueIdentifier>
    </Filter>
    <Filter Include="Header Files\Graphics\ObjectHandling">
      <UniqueIdentifier>{cbb391f9-152e-4450-862b-90447ded9760}</UniqueIdentifier>
    </Filter>
    <Filter Include="Source Files\Graphics\Object Handling">
      <UniqueIdentifier>{f553fb9a-6f36-4d66-bb6c-596794980dfb}</UniqueIdentifier>
    </Filter>
    <Filter Include="Header Files\Math\Type">
      <UniqueIdentifier>{e3446126-4eef-4c0b-b735-ac54f2ddcb5e}</UniqueIdentifier>
    </Filter>
    <Filter Include="Source Files\Math\Type">
      <UniqueIdentifier>{50a484f9-3139-4cfc-a185-f179331c7546}</UniqueIdentifier>
    </Filter>
    <Filter Include="Header Files\Graphics\ModelProcessing">
      <UniqueIdentifier>{6292f1bb-62de-43dd-851e-a311b0cb796a}</UniqueIdentifier>
    </Filter>
    <Filter Include="Source Files\Graphics\ModelProcessing">
      <UniqueIdentifier>{499c8ec3-f94b-47cf-833c-6bb14123c495}</UniqueIdentifier>
    </Filter>
    <Filter Include="Header Files\Type">
      <UniqueIdentifier>{a3f98326-f589-487c-b75a-e83ad9af78aa}</UniqueIdentifier>
    </Filter>
  </ItemGroup>
  <ItemGroup>
    <ClCompile Include="Clock.cpp">
      <Filter>Source Files\Timing</Filter>
    </ClCompile>
    <ClCompile Include="Converters.cpp">
      <Filter>Source Files\Math</Filter>
    </ClCompile>
    <ClCompile Include="GLCamera.cpp">
      <Filter>Source Files\Graphics</Filter>
    </ClCompile>
    <ClCompile Include="Profiler.cpp">
      <Filter>Source Files\DebugTools\Profiling</Filter>
    </ClCompile>
    <ClCompile Include="Entropy\Graphics\Window.cpp">
      <Filter>Source Files\Graphics</Filter>
    </ClCompile>
    <ClCompile Include="Entropy\Graphics\Mesh.cpp">
      <Filter>Source Files\Graphics\Object Handling</Filter>
    </ClCompile>
    <ClCompile Include="Entropy\Graphics\Shader.cpp">
      <Filter>Source Files\Graphics</Filter>
    </ClCompile>
    <ClCompile Include="Entropy\Math\Vec2.cpp">
      <Filter>Source Files\Math\Type</Filter>
    </ClCompile>
    <ClCompile Include="Entropy\Math\Vec3.cpp">
      <Filter>Source Files\Math\Type</Filter>
    </ClCompile>
    <ClCompile Include="Entropy\Math\Vec4.cpp">
      <Filter>Source Files\Math\Type</Filter>
    </ClCompile>
    <ClCompile Include="Entropy\Math\Mat2.cpp">
      <Filter>Source Files\Math\Type</Filter>
    </ClCompile>
    <ClCompile Include="Entropy\Math\Mat3.cpp">
      <Filter>Source Files\Math\Type</Filter>
    </ClCompile>
    <ClCompile Include="Entropy\Math\Mat4.cpp">
      <Filter>Source Files\Math\Type</Filter>
    </ClCompile>
    <ClCompile Include="Entropy\Math\Transform2D.cpp">
      <Filter>Source Files\Math</Filter>
    </ClCompile>
    <ClCompile Include="Entropy\Math\Transform3D.cpp">
      <Filter>Source Files\Math</Filter>
    </ClCompile>
    <ClCompile Include="Entropy\Graphics\Model\WavefrontObj.cpp">
      <Filter>Source Files\Graphics\ModelProcessing</Filter>
    </ClCompile>
    <ClCompile Include="Entropy\Graphics\Model.cpp">
      <Filter>Source Files\Graphics\Object Handling</Filter>
    </ClCompile>
    <ClCompile Include="Entropy\Graphics\Model\Image.cpp">
      <Filter>Source Files\Graphics\ModelProcessing</Filter>
    </ClCompile>
    <ClCompile Include="Entropy\Graphics\FrameBuffer.cpp">
      <Filter>Source Files\Graphics</Filter>
    </ClCompile>
  </ItemGroup>
  <ItemGroup>
    <ClInclude Include="Clock.h">
      <Filter>Header Files\Timing</Filter>
    </ClInclude>
    <ClInclude Include="Converters.h">
      <Filter>Header Files\Math</Filter>
    </ClInclude>
    <ClInclude Include="GLCamera.h">
      <Filter>Header Files\Graphics</Filter>
    </ClInclude>
    <ClInclude Include="Profiler.h">
      <Filter>Header Files\DebugTools\Profiling</Filter>
    </ClInclude>
    <ClInclude Include="Entropy\Graphics\Window.h">
      <Filter>Header Files\Graphics</Filter>
    </ClInclude>
    <ClInclude Include="Entropy\Graphics\Mesh.h">
      <Filter>Header Files\Graphics\ObjectHandling</Filter>
    </ClInclude>
    <ClInclude Include="Entropy\Graphics\Shader.h">
      <Filter>Header Files\Graphics</Filter>
    </ClInclude>
    <ClInclude Include="Entropy\Graphics\Material.h">
      <Filter>Header Files\Graphics\ObjectHandling</Filter>
    </ClInclude>
    <ClInclude Include="Entropy\Graphics\Lighting.h">
      <Filter>Header Files\Graphics\ObjectHandling</Filter>
    </ClInclude>
    <ClInclude Include="Entropy\Math\Vec2.h">
      <Filter>Header Files\Math\Type</Filter>
    </ClInclude>
    <ClInclude Include="Entropy\Math\Vec3.h">
      <Filter>Header Files\Math\Type</Filter>
    </ClInclude>
    <ClInclude Include="Entropy\Math\Vec4.h">
      <Filter>Header Files\Math\Type</Filter>
    </ClInclude>
    <ClInclude Include="Entropy\Math\Mat4.h">
      <Filter>Header Files\Math\Type</Filter>
    </ClInclude>
    <ClInclude Include="Entropy\Math\Mat3.h">
      <Filter>Header Files\Math\Type</Filter>
    </ClInclude>
    <ClInclude Include="Entropy\Math\Mat2.h">
      <Filter>Header Files\Math\Type</Filter>
    </ClInclude>
    <ClInclude Include="Entropy\Math\Transform3D.h">
      <Filter>Header Files\Math</Filter>
    </ClInclude>
    <ClInclude Include="Entropy\Math\Transform2D.h">
      <Filter>Header Files\Math</Filter>
    </ClInclude>
    <ClInclude Include="Entropy\Graphics\Model\WavefrontObj.h">
      <Filter>Header Files\Graphics\ModelProcessing</Filter>
    </ClInclude>
    <ClInclude Include="Entropy\Graphics\Model.h">
      <Filter>Header Files\Graphics\ObjectHandling</Filter>
    </ClInclude>
    <ClInclude Include="Entropy\Graphics\Model\Image.h">
      <Filter>Header Files\Graphics\ModelProcessing</Filter>
    </ClInclude>
    <ClInclude Include="stb_image.h">
      <Filter>Header Files\Graphics\ModelProcessing</Filter>
    </ClInclude>
    <ClInclude Include="Entropy\Graphics\FrameBuffer.h">
      <Filter>Header Files\Graphics</Filter>
    </ClInclude>
    <ClInclude Include="Entropy\Type\Array.h">
      <Filter>Header Files\Type</Filter>
    </ClInclude>
  </ItemGroup>
</Project>