Microsoft Visual Studio Solution File, Format Version 7.00
Project("{8BC9CEB8-8B4A-11D0-8D11-00A0C91BC942}") = "qsqlite", "G:/Middleware/Qt-4.8.7/src/plugins/sqldrivers/sqlite\qsqlite.vcproj", "{926D7145-F9F3-39BA-ABF0-83CE4A38C2D9}"
EndProject
Global
	GlobalSection(SolutionConfigurationPlatforms) = preSolution
		Debug|Win32 = Debug|Win32
		Release|Win32 = Release|Win32
	EndGlobalSection
	GlobalSection(ProjectDependencies) = postSolution
	EndGlobalSection
	GlobalSection(ProjectConfigurationPlatforms) = postSolution
		{926D7145-F9F3-39BA-ABF0-83CE4A38C2D9}.Debug|Win32.ActiveCfg = Debug|Win32
		{926D7145-F9F3-39BA-ABF0-83CE4A38C2D9}.Debug|Win32.Build.0 = Debug|Win32
		{926D7145-F9F3-39BA-ABF0-83CE4A38C2D9}.Release|Win32.ActiveCfg = Release|Win32
		{926D7145-F9F3-39BA-ABF0-83CE4A38C2D9}.Release|Win32.Build.0 = Release|Win32
	EndGlobalSection
	GlobalSection(ExtensibilityGlobals) = postSolution
	EndGlobalSection
	GlobalSection(ExtensibilityAddIns) = postSolution
	EndGlobalSection
EndGlobal